
Microsoft Visual Studio Solution File, Format Version 12.00
# Visual Studio Version 16
VisualStudioVersion = 16.0.32510.428
MinimumVisualStudioVersion = 10.0.40219.1
Project("{FAE04EC0-301F-11D3-BF4B-00C04F79EFBC}") = "MessagingUsingTopic", "MessagingUsingTopic\MessagingUsingTopic.csproj", "{DD27CCC9-9C18-410D-B6CA-5B58794DFBCC}"
EndProject
Project("{FAE04EC0-301F-11D3-BF4B-00C04F79EFBC}") = "MessagingUsingQueue", "MessagingUsingQueue\MessagingUsingQueue.csproj", "{54EA028F-B770-4E98-859C-AC2951B49218}"
EndProject
Global
	GlobalSection(SolutionConfigurationPlatforms) = preSolution
		Debug|Any CPU = Debug|Any CPU
		Release|Any CPU = Release|Any CPU
	EndGlobalSection
	GlobalSection(ProjectConfigurationPlatforms) = postSolution
		{DD27CCC9-9C18-410D-B6CA-5B58794DFBCC}.Debug|Any CPU.ActiveCfg = Debug|Any CPU
		{DD27CCC9-9C18-410D-B6CA-5B58794DFBCC}.Debug|Any CPU.Build.0 = Debug|Any CPU
		{DD27CCC9-9C18-410D-B6CA-5B58794DFBCC}.Release|Any CPU.ActiveCfg = Release|Any CPU
		{DD27CCC9-9C18-410D-B6CA-5B58794DFBCC}.Release|Any CPU.Build.0 = Release|Any CPU
		{54EA028F-B770-4E98-859C-AC2951B49218}.Debug|Any CPU.ActiveCfg = Debug|Any CPU
		{54EA028F-B770-4E98-859C-AC2951B49218}.Debug|Any CPU.Build.0 = Debug|Any CPU
		{54EA028F-B770-4E98-859C-AC2951B49218}.Release|Any CPU.ActiveCfg = Release|Any CPU
		{54EA028F-B770-4E98-859C-AC2951B49218}.Release|Any CPU.Build.0 = Release|Any CPU
	EndGlobalSection
	GlobalSection(SolutionProperties) = preSolution
		HideSolutionNode = FALSE
	EndGlobalSection
	GlobalSection(ExtensibilityGlobals) = postSolution
		SolutionGuid = {532FEBD2-5FCD-4AC0-86D6-C2A23F9CFDD2}
	EndGlobalSection
EndGlobal
